
Microsoft Visual Studio Solution File, Format Version 12.00
# Visual Studio Version 17
VisualStudioVersion = 17.13.35931.197
MinimumVisualStudioVersion = 10.0.40219.1
Project("{FAE04EC0-301F-11D3-BF4B-00C04F79EFBC}") = "2048WinFormsApp", "2048WinFormsApp\2048WinFormsApp.csproj", "{18C00F4D-82BA-4B1B-AB50-CDC005E221EE}"
EndProject
Project("{FAE04EC0-301F-11D3-BF4B-00C04F79EFBC}") = "2048Game.Common", "2048Game.Common\2048Game.Common.csproj", "{51C5CC84-7653-440C-B2BD-76875C417C6D}"
EndProject
Global
	GlobalSection(SolutionConfigurationPlatforms) = preSolution
		Debug|Any CPU = Debug|Any CPU
		Release|Any CPU = Release|Any CPU
	EndGlobalSection
	GlobalSection(ProjectConfigurationPlatforms) = postSolution
		{18C00F4D-82BA-4B1B-AB50-CDC005E221EE}.Debug|Any CPU.ActiveCfg = Debug|Any CPU
		{18C00F4D-82BA-4B1B-AB50-CDC005E221EE}.Debug|Any CPU.Build.0 = Debug|Any CPU
		{18C00F4D-82BA-4B1B-AB50-CDC005E221EE}.Release|Any CPU.ActiveCfg = Release|Any CPU
		{18C00F4D-82BA-4B1B-AB50-CDC005E221EE}.Release|Any CPU.Build.0 = Release|Any CPU
		{51C5CC84-7653-440C-B2BD-76875C417C6D}.Debug|Any CPU.ActiveCfg = Debug|Any CPU
		{51C5CC84-7653-440C-B2BD-76875C417C6D}.Debug|Any CPU.Build.0 = Debug|Any CPU
		{51C5CC84-7653-440C-B2BD-76875C417C6D}.Release|Any CPU.ActiveCfg = Release|Any CPU
		{51C5CC84-7653-440C-B2BD-76875C417C6D}.Release|Any CPU.Build.0 = Release|Any CPU
	EndGlobalSection
	GlobalSection(SolutionProperties) = preSolution
		HideSolutionNode = FALSE
	EndGlobalSection
	GlobalSection(ExtensibilityGlobals) = postSolution
		SolutionGuid = {4E3DD052-89E2-4142-98F3-7ECFF5F6AEBF}
	EndGlobalSection
EndGlobal
